
Microsoft Visual Studio Solution File, Format Version 12.00
# Visual Studio Version 16
VisualStudioVersion = 16.0.30128.74
MinimumVisualStudioVersion = 10.0.40219.1
Project("{9A19103F-16F7-4668-BE54-9A1E7A4F7556}") = "FileAPI.MFT.FileSystem.NetCore22", "FileAPI.MFT.FileSystem.NetCore22.Tests\FileAPI.MFT.FileSystem.NetCore22.csproj", "{D1E8EBA9-38E6-473F-A66D-D15888CD40DD}"
EndProject
Project("{9A19103F-16F7-4668-BE54-9A1E7A4F7556}") = "FileAPI.MFT.Utils", "FileAPI.MFT.Utils\FileAPI.MFT.Utils.csproj", "{1A4422D6-C32B-447B-BDB9-4C8C940D4BA0}"
EndProject
Global
	GlobalSection(SolutionConfigurationPlatforms) = preSolution
		Debug|Any CPU = Debug|Any CPU
		Release|Any CPU = Release|Any CPU
	EndGlobalSection
	GlobalSection(ProjectConfigurationPlatforms) = postSolution
		{D1E8EBA9-38E6-473F-A66D-D15888CD40DD}.Debug|Any CPU.ActiveCfg = Debug|Any CPU
		{D1E8EBA9-38E6-473F-A66D-D15888CD40DD}.Debug|Any CPU.Build.0 = Debug|Any CPU
		{D1E8EBA9-38E6-473F-A66D-D15888CD40DD}.Release|Any CPU.ActiveCfg = Release|Any CPU
		{D1E8EBA9-38E6-473F-A66D-D15888CD40DD}.Release|Any CPU.Build.0 = Release|Any CPU
		{1A4422D6-C32B-447B-BDB9-4C8C940D4BA0}.Debug|Any CPU.ActiveCfg = Debug|Any CPU
		{1A4422D6-C32B-447B-BDB9-4C8C940D4BA0}.Debug|Any CPU.Build.0 = Debug|Any CPU
		{1A4422D6-C32B-447B-BDB9-4C8C940D4BA0}.Release|Any CPU.ActiveCfg = Release|Any CPU
		{1A4422D6-C32B-447B-BDB9-4C8C940D4BA0}.Release|Any CPU.Build.0 = Release|Any CPU
	EndGlobalSection
	GlobalSection(SolutionProperties) = preSolution
		HideSolutionNode = FALSE
	EndGlobalSection
	GlobalSection(ExtensibilityGlobals) = postSolution
		SolutionGuid = {2E73F8F3-5C52-4AA5-832E-7831AF9FE0FD}
	EndGlobalSection
EndGlobal
