{
  "version": 1,
  "dependencies": {
    ".NETCoreApp,Version=v2.2": {
      "Microsoft.Extensions.Configuration.Json": {
        "type": "Direct",
        "requested": "[3.1.5, )",
        "resolved": "3.1.5",
        "contentHash": "Yk7+e+13JKN9rvoUrWCil3Jdbrbx5owGhl5z2u5kgpEIuAn+eqWq624/wvou0/zzPxC8QyID/cSi1oLf9ngNhQ==",
        "dependencies": {
          "Microsoft.Extensions.Configuration": "3.1.5",
          "Microsoft.Extensions.Configuration.FileExtensions": "3.1.5",
          "System.Text.Json": "4.7.2",
          "System.Threading.Tasks.Extensions": "4.5.4"
        }
      },
      "Microsoft.Extensions.DependencyInjection": {
        "type": "Direct",
        "requested": "[3.1.5, )",
        "resolved": "3.1.5",
        "contentHash": "I+RTJQi7TtenIHZqL2zr6523PYXfL88Ruu4UIVmspIxdw14GHd8zZ+2dGLSdwX7fn41Hth4d42S1e1iHWVOJyQ==",
        "dependencies": {
          "Microsoft.Bcl.AsyncInterfaces": "1.1.1",
          "Microsoft.Extensions.DependencyInjection.Abstractions": "3.1.5"
        }
      },
      "Microsoft.NET.Test.Sdk": {
        "type": "Direct",
        "requested": "[16.5.0, )",
        "resolved": "16.5.0",
        "contentHash": "yHZOhVSPuGqgHi+KhHiAZqNY08avkQraXKvgKgDU8c/ztmGzw7gmukkv49EaTq6T3xmp4XroWk3gAlbJHMxl8w==",
        "dependencies": {
          "Microsoft.CodeCoverage": "16.5.0",
          "Microsoft.TestPlatform.TestHost": "16.5.0"
        }
      },
      "Microsoft.NETCore.App": {
        "type": "Direct",
        "requested": "[2.2.0, )",
        "resolved": "2.2.0",
        "contentHash": "7z5l8Jp324S8bU8+yyWeYHXUFYvKyiI5lqS1dXgTzOx1H69Qbf6df12kCKlNX45LpMfCMd4U3M6p7Rl5Zk7SLA==",
        "dependencies": {
          "Microsoft.NETCore.DotNetHostPolicy": "2.2.0",
          "Microsoft.NETCore.Platforms": "2.2.0",
          "Microsoft.NETCore.Targets": "2.0.0",
          "NETStandard.Library": "2.0.3"
        }
      },
      "VismaRaet.FileApi.Sdk.FileSystem": {
        "type": "Direct",
        "requested": "[1.0.0, )",
        "resolved": "1.0.0",
        "contentHash": "Tiss5kw9MzDMHH3/kHQk/JmHQjgqDBjzovVG5xu1DZllY6HXYG0QQYwazAjVxd7aIfNRV2zDZDShGnW4RWj9zg==",
        "dependencies": {
          "VismaRaet.FileApi.Sdk.Streaming": "1.0.0"
        }
      },
      "xunit": {
        "type": "Direct",
        "requested": "[2.4.0, )",
        "resolved": "2.4.0",
        "contentHash": "NL00nGsDsyWc1CWxz5FXXjLpW9oFG18WJoTPCyhNv4KGP/e5iLJqAqgM1uaJZyQ6WaTtmWIy4yjYP3RdcaT7Vw==",
        "dependencies": {
          "xunit.analyzers": "0.10.0",
          "xunit.assert": "[2.4.0]",
          "xunit.core": "[2.4.0]"
        }
      },
      "xunit.runner.visualstudio": {
        "type": "Direct",
        "requested": "[2.4.0, )",
        "resolved": "2.4.0",
        "contentHash": "3eq5cGXbEJkqW9nwLuXwtxy9B5gMA8i7HW4rN63AhAvy5UvEcQbZnve23wx/oPrkyg/4CbfNhxkBezS0b1oUdQ==",
        "dependencies": {
          "Microsoft.NET.Test.Sdk": "15.0.0"
        }
      },
      "Microsoft.Bcl.AsyncInterfaces": {
        "type": "Transitive",
        "resolved": "1.1.1",
        "contentHash": "yuvf07qFWFqtK3P/MRkEKLhn5r2UbSpVueRziSqj0yJQIKFwG1pq9mOayK3zE5qZCTs0CbrwL9M6R8VwqyGy2w=="
      },
      "Microsoft.CodeCoverage": {
        "type": "Transitive",
        "resolved": "16.5.0",
        "contentHash": "PM5YLtyN45EyUGePJpaNogndlaQPrMgQQXHKMhMESC6KfSVvt+j7+dxBi8NYC6X6dZVysf7ngwhSW3wwvPJRSQ=="
      },
      "Microsoft.CSharp": {
        "type": "Transitive",
        "resolved": "4.5.0",
        "contentHash": "kaj6Wb4qoMuH3HySFJhxwQfe8R/sJsNJnANrvv8WdFPMoNbKY5htfNscv+LHCu5ipz+49m2e+WQXpLXr9XYemQ=="
      },
      "Microsoft.Extensions.Configuration": {
        "type": "Transitive",
        "resolved": "3.1.5",
        "contentHash": "LZfdAP8flK4hkaniUv6TlstDX9FXLmJMX1A4mpLghAsZxTaJIgf+nzBNiPRdy/B5Vrs74gRONX3JrIUJQrebmA==",
        "dependencies": {
          "Microsoft.Extensions.Configuration.Abstractions": "3.1.5"
        }
      },
      "Microsoft.Extensions.Configuration.Abstractions": {
        "type": "Transitive",
        "resolved": "3.1.5",
        "contentHash": "VBcAk6s9izZr04WCzNqOh1Sxz2RbVSh0G79MfpHSDv16cUJtSEYEHody9ZnF71LBEktzdu6cvDFBOFMh43q0iA==",
        "dependencies": {
          "Microsoft.Extensions.Primitives": "3.1.5"
        }
      },
      "Microsoft.Extensions.Configuration.Binder": {
        "type": "Transitive",
        "resolved": "2.2.0",
        "contentHash": "vJ9xvOZCnUAIHcGC3SU35r3HKmHTVIeHzo6u/qzlHAqD8m6xv92MLin4oJntTvkpKxVX3vI1GFFkIQtU3AdlsQ==",
        "dependencies": {
          "Microsoft.Extensions.Configuration": "2.2.0"
        }
      },
      "Microsoft.Extensions.Configuration.FileExtensions": {
        "type": "Transitive",
        "resolved": "3.1.5",
        "contentHash": "zDXWDDaHMKX2ArwhrPprKgZfpCDuaqrcaGX5IG9EybQ6IGYZ7aMJftLan/bfxteI5bnga912y5nIYrTuXaxpug==",
        "dependencies": {
          "Microsoft.Extensions.Configuration": "3.1.5",
          "Microsoft.Extensions.FileProviders.Physical": "3.1.5"
        }
      },
      "Microsoft.Extensions.DependencyInjection.Abstractions": {
        "type": "Transitive",
        "resolved": "3.1.5",
        "contentHash": "2VSCj2TZPMdeEi279Lawi6qJQu4+sEWizSOYrhY6hapyS1jxn1jVUZT1Ugv68bya+x8+3lD4+RqhUZql9PhISQ=="
      },
      "Microsoft.Extensions.FileProviders.Abstractions": {
        "type": "Transitive",
        "resolved": "3.1.5",
        "contentHash": "LrEQ97jhSWw84Y1m+CJfvh9qTUUswt27au54QYn2x5PCMPPgR+yAv/4VTJKMGSSI9T4scSLBXZ/fVhT4fPTCtA==",
        "dependencies": {
          "Microsoft.Extensions.Primitives": "3.1.5"
        }
      },
      "Microsoft.Extensions.FileProviders.Physical": {
        "type": "Transitive",
        "resolved": "3.1.5",
        "contentHash": "JemaaSSQosZ59flEfNzqvQRHDt1u4aEwV/pR4eFQEXpaX7lHI13gSbQbQ7TMGDdmY9F2t2+6RPp44Mmf9O1DsQ==",
        "dependencies": {
          "Microsoft.Extensions.FileProviders.Abstractions": "3.1.5",
          "Microsoft.Extensions.FileSystemGlobbing": "3.1.5"
        }
      },
      "Microsoft.Extensions.FileSystemGlobbing": {
        "type": "Transitive",
        "resolved": "3.1.5",
        "contentHash": "ObdbZ/L3X89KOHI0K/zlwufnlHESYSp2L/Z1XgYp3Odekmzevl06iffrtIBP9Qgw2RxBVAyTEVNrIouCuik6yg=="
      },
      "Microsoft.Extensions.Http": {
        "type": "Transitive",
        "resolved": "2.2.0",
        "contentHash": "hZ8mz6FgxSeFtkHzw+Ad0QOt2yjjpq4WaG9itnkyChtXYTrDlbkw3af2WJ9wdEAAyYqOlQaVDB6MJSEo8dd/vw==",
        "dependencies": {
          "Microsoft.Extensions.DependencyInjection.Abstractions": "2.2.0",
          "Microsoft.Extensions.Logging": "2.2.0",
          "Microsoft.Extensions.Options": "2.2.0"
        }
      },
      "Microsoft.Extensions.Http.Polly": {
        "type": "Transitive",
        "resolved": "2.2.0",
        "contentHash": "HIk+xQ0wQHPHaOGa/mm1NMx4aDO5IosO/C7SVmbwFb/XQgRHnGOnA8xNcUqzwerWHhw0vVzuIRJuLrKlipDsyA==",
        "dependencies": {
          "Microsoft.Extensions.Http": "2.2.0",
          "Polly": "6.0.1",
          "Polly.Extensions.Http": "2.0.1"
        }
      },
      "Microsoft.Extensions.Logging": {
        "type": "Transitive",
        "resolved": "2.2.0",
        "contentHash": "Nxqhadc9FCmFHzU+fz3oc8sFlE6IadViYg8dfUdGzJZ2JUxnCsRghBhhOWdM4B2zSZqEc+0BjliBh/oNdRZuig==",
        "dependencies": {
          "Microsoft.Extensions.Configuration.Binder": "2.2.0",
          "Microsoft.Extensions.DependencyInjection.Abstractions": "2.2.0",
          "Microsoft.Extensions.Logging.Abstractions": "2.2.0",
          "Microsoft.Extensions.Options": "2.2.0"
        }
      },
      "Microsoft.Extensions.Logging.Abstractions": {
        "type": "Transitive",
        "resolved": "2.2.0",
        "contentHash": "B2WqEox8o+4KUOpL7rZPyh6qYjik8tHi2tN8Z9jZkHzED8ElYgZa/h6K+xliB435SqUcWT290Fr2aa8BtZjn8A=="
      },
      "Microsoft.Extensions.Options": {
        "type": "Transitive",
        "resolved": "2.2.0",
        "contentHash": "UpZLNLBpIZ0GTebShui7xXYh6DmBHjWM8NxGxZbdQh/bPZ5e6YswqI+bru6BnEL5eWiOdodsXtEz3FROcgi/qg==",
        "dependencies": {
          "Microsoft.Extensions.DependencyInjection.Abstractions": "2.2.0",
          "Microsoft.Extensions.Primitives": "2.2.0",
          "System.ComponentModel.Annotations": "4.5.0"
        }
      },
      "Microsoft.Extensions.Primitives": {
        "type": "Transitive",
        "resolved": "3.1.5",
        "contentHash": "6bLdjSAQix82oP2tsuX9MM2yjgUFFOkSZYyRSKoUULilw2cg0Y0H+dnugwYlfj8Jd7yjd/+QSdNBqEyYhTYv0w==",
        "dependencies": {
          "System.Memory": "4.5.2",
          "System.Runtime.CompilerServices.Unsafe": "4.7.1"
        }
      },
      "Microsoft.IdentityModel.JsonWebTokens": {
        "type": "Transitive",
        "resolved": "6.7.1",
        "contentHash": "q/Ii8ILV8cM1X49gnl12cJK+0KWiI1xUeiLYiE9+uRonJLaHWB0l8t89rGnZTEGthGKItyikKSB38LQpfy/zBw==",
        "dependencies": {
          "Microsoft.IdentityModel.Tokens": "6.7.1"
        }
      },
      "Microsoft.IdentityModel.Logging": {
        "type": "Transitive",
        "resolved": "6.7.1",
        "contentHash": "WGtTiTy2ZikOz/I5GxCGbNPLOpyI9fPyuyG4Q5rfkhACK+Q0Ad6U8XajYZ2cJ2cFKse0IvHwm15HVrfwrX/89g=="
      },
      "Microsoft.IdentityModel.Tokens": {
        "type": "Transitive",
        "resolved": "6.7.1",
        "contentHash": "Td9Vn9d/0eM1zlUUvaVQzjqdBkBLJ2oGtGL/LYPuiCUAALMeAHVDtpXGk8eYI8Gbduz5n+o7ifldsCIca4MWew==",
        "dependencies": {
          "Microsoft.CSharp": "4.5.0",
          "Microsoft.IdentityModel.Logging": "6.7.1",
          "System.Security.Cryptography.Cng": "4.5.0"
        }
      },
      "Microsoft.NETCore.DotNetAppHost": {
        "type": "Transitive",
        "resolved": "2.2.0",
        "contentHash": "DrhaKInRKKvN6Ns2VNIlC7ZffLOp9THf8cO6X4fytPRJovJUbF49/zzx4WfgX9E44FMsw9hT8hrKiIqDSHvGvA=="
      },
      "Microsoft.NETCore.DotNetHostPolicy": {
        "type": "Transitive",
        "resolved": "2.2.0",
        "contentHash": "FJie7IoPZFaPgNDxhZGmDBQP/Bs5vPdfca/G2Wf9gd6LIvMYkZcibtmJwB4tcf4KXkaOYfIOo4Cl9sEPMsSzkw==",
        "dependencies": {
          "Microsoft.NETCore.DotNetHostResolver": "2.2.0"
        }
      },
      "Microsoft.NETCore.DotNetHostResolver": {
        "type": "Transitive",
        "resolved": "2.2.0",
        "contentHash": "spDm3AJYmebthDNhzY17YLPtvbc+Y1lCLVeiIH1uLJ/hZaM+40pBiPefFR8J1u66Ndkqi8ipR2tEbqPnYnjRhw==",
        "dependencies": {
          "Microsoft.NETCore.DotNetAppHost": "2.2.0"
        }
      },
      "Microsoft.NETCore.Platforms": {
        "type": "Transitive",
        "resolved": "2.2.0",
        "contentHash": "T/J+XZo+YheFTJh8/4uoeJDdz5qOmOMkjg6/VL8mHJ9AnP8+fmV/kcbxeXsob0irRNiChf+V0ig1MCRLp/+Kog=="
      },
      "Microsoft.NETCore.Targets": {
        "type": "Transitive",
        "resolved": "2.0.0",
        "contentHash": "odP/tJj1z6GylFpNo7pMtbd/xQgTC3Ex2If63dRTL38bBNMwsBnJ+RceUIyHdRBC0oik/3NehYT+oECwBhIM3Q=="
      },
      "Microsoft.TestPlatform.ObjectModel": {
        "type": "Transitive",
        "resolved": "16.5.0",
        "contentHash": "NnLFxmFBCAS6kye2JFszD5WKgj4Zve5KX/R0mhYwh6BVnSeybI2unRnjEPtLyY3CAVhwrY4bh/8LNFtslAcGZg==",
        "dependencies": {
          "NuGet.Frameworks": "5.0.0"
        }
      },
      "Microsoft.TestPlatform.TestHost": {
        "type": "Transitive",
        "resolved": "16.5.0",
        "contentHash": "ytGymboQIvjNX5pLC0yp/Bz9sGDHqSnLQgBRtd4VrqOUgKmmcfxMYZ6p0TBZgAT1oijdC6xqUZ7rl8mbaaXTJw==",
        "dependencies": {
          "Microsoft.TestPlatform.ObjectModel": "16.5.0",
          "Newtonsoft.Json": "9.0.1"
        }
      },
      "NETStandard.Library": {
        "type": "Transitive",
        "resolved": "2.0.3",
        "contentHash": "st47PosZSHrjECdjeIzZQbzivYBJFv6P2nv4cj2ypdI204DO+vZ7l5raGMiX4eXMJ53RfOIg+/s4DHVZ54Nu2A==",
        "dependencies": {
          "Microsoft.NETCore.Platforms": "1.1.0"
        }
      },
      "Newtonsoft.Json": {
        "type": "Transitive",
        "resolved": "12.0.3",
        "contentHash": "6mgjfnRB4jKMlzHSl+VD+oUc1IebOZabkbyWj2RiTgWwYPPuaK1H97G1sHqGwPlS5npiF5Q0OrxN1wni2n5QWg=="
      },
      "NuGet.Frameworks": {
        "type": "Transitive",
        "resolved": "5.0.0",
        "contentHash": "c5JVjuVAm4f7E9Vj+v09Z9s2ZsqFDjBpcsyS3M9xRo0bEdm/LVZSzLxxNvfvAwRiiE8nwe1h2G4OwiwlzFKXlA=="
      },
      "Polly": {
        "type": "Transitive",
        "resolved": "6.0.1",
        "contentHash": "nwL8qNLkrphkehUftQqJZOExH6sJ+PPWhkrksqoouAvy9TuEgYUjFujlUVC8PyYLIWIneR9R4opcFpPKn1HQ1A=="
      },
      "Polly.Extensions.Http": {
        "type": "Transitive",
        "resolved": "2.0.1",
        "contentHash": "9NPDm98bmtlzLHnMDJ4YHno88yZmBOzvks34coP73/1GJzabSUi217xISa4z+b7YO5TncZMQVM4O5ThlZwg8mQ==",
        "dependencies": {
          "Polly": "6.0.1"
        }
      },
      "System.ComponentModel.Annotations": {
        "type": "Transitive",
        "resolved": "4.5.0",
        "contentHash": "UxYQ3FGUOtzJ7LfSdnYSFd7+oEv6M8NgUatatIN2HxNtDdlcvFAf+VIq4Of9cDMJEJC0aSRv/x898RYhB4Yppg=="
      },
      "System.IdentityModel.Tokens.Jwt": {
        "type": "Transitive",
        "resolved": "6.7.1",
        "contentHash": "sPnRn9dUMYARQC3mAKWpig/7rlrruqJvopKXmGoYAQ1A+xQsT3q5LiwsArkV8Oz/hfiRCLkV9vgi3FQg/mYfrw==",
        "dependencies": {
          "Microsoft.IdentityModel.JsonWebTokens": "6.7.1",
          "Microsoft.IdentityModel.Tokens": "6.7.1"
        }
      },
      "System.Memory": {
        "type": "Transitive",
        "resolved": "4.5.2",
        "contentHash": "fvq1GNmUFwbKv+aLVYYdgu/+gc8Nu9oFujOxIjPrsf+meis9JBzTPDL6aP/eeGOz9yPj6rRLUbOjKMpsMEWpNg=="
      },
      "System.Runtime.CompilerServices.Unsafe": {
        "type": "Transitive",
        "resolved": "4.7.1",
        "contentHash": "zOHkQmzPCn5zm/BH+cxC1XbUS3P4Yoi3xzW7eRgVpDR2tPGSzyMZ17Ig1iRkfJuY0nhxkQQde8pgePNiA7z7TQ=="
      },
      "System.Security.Cryptography.Cng": {
        "type": "Transitive",
        "resolved": "4.5.0",
        "contentHash": "WG3r7EyjUe9CMPFSs6bty5doUqT+q9pbI80hlNzo2SkPkZ4VTuZkGWjpp77JB8+uaL4DFPRdBsAY+DX3dBK92A=="
      },
      "System.Text.Encodings.Web": {
        "type": "Transitive",
        "resolved": "4.7.1",
        "contentHash": "3qreYFQcLnyFk1LuaNWyyWE+sfkfe5eSTaIIssYrLNUIDbgyZNQBYQSzSDo4AprpjVeVX2T4KHKii9fiSZVUow=="
      },
      "System.Text.Json": {
        "type": "Transitive",
        "resolved": "4.7.2",
        "contentHash": "TcMd95wcrubm9nHvJEQs70rC0H/8omiSGGpU4FQ/ZA1URIqD4pjmFJh2Mfv1yH1eHgJDWTi2hMDXwTET+zOOyg==",
        "dependencies": {
          "Microsoft.Bcl.AsyncInterfaces": "1.1.0",
          "System.Runtime.CompilerServices.Unsafe": "4.7.1",
          "System.Text.Encodings.Web": "4.7.1"
        }
      },
      "System.Threading.Tasks.Extensions": {
        "type": "Transitive",
        "resolved": "4.5.4",
        "contentHash": "zteT+G8xuGu6mS+mzDzYXbzS7rd3K6Fjb9RiZlYlJPam2/hU7JCBZBVEcywNuR+oZ1ncTvc/cq0faRr3P01OVg=="
      },
      "System.ValueTuple": {
        "type": "Transitive",
        "resolved": "4.5.0",
        "contentHash": "okurQJO6NRE/apDIP23ajJ0hpiNmJ+f0BwOlB/cSqTLQlw5upkf+5+96+iG2Jw40G1fCVCyPz/FhIABUjMR+RQ=="
      },
      "VismaRaet.FileApi.Sdk.Base": {
        "type": "Transitive",
        "resolved": "1.0.0",
        "contentHash": "cOANfLiiILLIJ91uZnWSfv8NJDrZCut8Onr27o5b/QGe4mbe7538mXMNu1tGE8ueFt+bc0Ybz448Vvm6eXyN4w==",
        "dependencies": {
          "Microsoft.Extensions.Http": "2.2.0",
          "Microsoft.Extensions.Http.Polly": "2.2.0",
          "Microsoft.Extensions.Logging": "2.2.0",
          "Newtonsoft.Json": "12.0.3",
          "System.IdentityModel.Tokens.Jwt": "6.7.1",
          "System.ValueTuple": "4.5.0"
        }
      },
      "VismaRaet.FileApi.Sdk.Streaming": {
        "type": "Transitive",
        "resolved": "1.0.0",
        "contentHash": "oJwEin+q0n4jchbKy1SIk1rsRD825m4TPnBOZw+vQmi3B+7TPPpOabsgoAtN6eFzHILOU7DMJhBLxrf4FPJ5SA==",
        "dependencies": {
          "System.ValueTuple": "4.5.0",
          "VismaRaet.FileApi.Sdk.Base": "1.0.0"
        }
      },
      "xunit.abstractions": {
        "type": "Transitive",
        "resolved": "2.0.3",
        "contentHash": "pot1I4YOxlWjIb5jmwvvQNbTrZ3lJQ+jUGkGjWE3hEFM0l5gOnBWS+H3qsex68s5cO52g+44vpGzhAt+42vwKg=="
      },
      "xunit.analyzers": {
        "type": "Transitive",
        "resolved": "0.10.0",
        "contentHash": "4/IDFCJfIeg6bix9apmUtIMwvOsiwqdEexeO/R2D4GReIGPLIRODTpId/l4LRSrAJk9lEO3Zx1H0Zx6uohJDNg=="
      },
      "xunit.assert": {
        "type": "Transitive",
        "resolved": "2.4.0",
        "contentHash": "Swvkm6iTjZr8TiUj5vMnmfG+2dD4s/BIBgsVOzTxxmoq2ndGsmM2WIL4wuqJ8RhxydWIDOPpIaaytjT2pMTEdg=="
      },
      "xunit.core": {
        "type": "Transitive",
        "resolved": "2.4.0",
        "contentHash": "BJ/O/tPEcHUCwQYuwqXoYccTMyw6B5dA6yh7WxWWBhKbjqTsG9RWL0nCQXM5yQYJwUuFzBkiXDPN1BO6UdBB4Q==",
        "dependencies": {
          "xunit.extensibility.core": "[2.4.0]",
          "xunit.extensibility.execution": "[2.4.0]"
        }
      },
      "xunit.extensibility.core": {
        "type": "Transitive",
        "resolved": "2.4.0",
        "contentHash": "qr/KrR6uukHXD9e/lLQjyCPfMEDuvvhNFDzsYzCF2kKlYKiqcADfUvA9Q68rBtKFtwHFeghjWEuv15KoGD2SfA==",
        "dependencies": {
          "xunit.abstractions": "2.0.2"
        }
      },
      "xunit.extensibility.execution": {
        "type": "Transitive",
        "resolved": "2.4.0",
        "contentHash": "252Dzn7i5bMPKtAL15aOP3qJhxKd+57I8ldwIQRJa745JxQuiBu5Da0vtIISVTtc3buRSkBwVnD9iUzsEmCzZA==",
        "dependencies": {
          "xunit.extensibility.core": "[2.4.0]"
        }
      },
      "fileapi.mft.utils": {
        "type": "Project",
        "dependencies": {
          "Newtonsoft.Json": "12.0.3",
          "VismaRaet.FileApi.Sdk.Base": "1.0.0",
          "xunit.abstractions": "2.0.3"
        }
      }
    }
  }
}